// !$*UTF8*$!
{
	archiveVersion = 1;
	classes = {
	};
	objectVersion = 46;
	objects = {

/* Begin PBXFileReference section */
		E54A311A1B3B011700FA809B /* FamilyCensus.cpp */ = {isa = PBXFileReference; fileEncoding = 4; lastKnownFileType = sourcecode.cpp.cpp; path = FamilyCensus.cpp; sourceTree = "<group>"; };
		E54A311B1B3B011700FA809B /* FamilyCensus.h */ = {isa = PBXFileReference; fileEncoding = 4; lastKnownFileType = sourcecode.c.h; path = FamilyCensus.h; sourceTree = "<group>"; };
		E558CB2C1B2B58D0000FB3AF /* genome.cpp */ = {isa = PBXFileReference; fileEncoding = 4; lastKnownFileType = sourcecode.cpp.cpp; path = genome.cpp; sourceTree = "<group>"; };
		E558CB2D1B2B58D0000FB3AF /* makefile */ = {isa = PBXFileReference; fileEncoding = 4; lastKnownFileType = sourcecode.make; path = makefile; sourceTree = "<group>"; };
		E558CB2E1B2B58D0000FB3AF /* transposon.h */ = {isa = PBXFileReference; fileEncoding = 4; lastKnownFileType = sourcecode.c.h; path = transposon.h; sourceTree = "<group>"; };
		E558CB2F1B2B58D0000FB3AF /* main.cpp */ = {isa = PBXFileReference; fileEncoding = 4; lastKnownFileType = sourcecode.cpp.cpp; path = main.cpp; sourceTree = "<group>"; };
		E558CB301B2B58D0000FB3AF /* input.txt */ = {isa = PBXFileReference; fileEncoding = 4; lastKnownFileType = text; path = input.txt; sourceTree = "<group>"; };
		E558CB311B2B58D0000FB3AF /* population.cpp */ = {isa = PBXFileReference; fileEncoding = 4; lastKnownFileType = sourcecode.cpp.cpp; path = population.cpp; sourceTree = "<group>"; };
		E558CB321B2B58D0000FB3AF /* genome.h */ = {isa = PBXFileReference; fileEncoding = 4; lastKnownFileType = sourcecode.c.h; path = genome.h; sourceTree = "<group>"; };
		E558CB331B2B58D0000FB3AF /* random.h */ = {isa = PBXFileReference; fileEncoding = 4; lastKnownFileType = sourcecode.c.h; path = random.h; sourceTree = "<group>"; };
		E558CB341B2B58D0000FB3AF /* random.cpp */ = {isa = PBXFileReference; fileEncoding = 4; lastKnownFileType = sourcecode.cpp.cpp; path = random.cpp; sourceTree = "<group>"; };
		E558CB351B2B58D0000FB3AF /* population.h */ = {isa = PBXFileReference; fileEncoding = 4; lastKnownFileType = sourcecode.c.h; path = population.h; sourceTree = "<group>"; };
		E558CB361B2B58D0000FB3AF /* chromosome.cpp */ = {isa = PBXFileReference; fileEncoding = 4; lastKnownFileType = sourcecode.cpp.cpp; path = chromosome.cpp; sourceTree = "<group>"; };
		E558CB371B2B58D0000FB3AF /* locus.cpp */ = {isa = PBXFileReference; fileEncoding = 4; lastKnownFileType = sourcecode.cpp.cpp; path = locus.cpp; sourceTree = "<group>"; };
		E558CB381B2B58D0000FB3AF /* locus.h */ = {isa = PBXFileReference; fileEncoding = 4; lastKnownFileType = sourcecode.c.h; path = locus.h; sourceTree = "<group>"; };
		E558CB391B2B58D0000FB3AF /* chromosome.h */ = {isa = PBXFileReference; fileEncoding = 4; lastKnownFileType = sourcecode.c.h; path = chromosome.h; sourceTree = "<group>"; };
		E558CB3A1B2B58D0000FB3AF /* transposon.cpp */ = {isa = PBXFileReference; fileEncoding = 4; lastKnownFileType = sourcecode.cpp.cpp; path = transposon.cpp; sourceTree = "<group>"; };
		E558CB3B1B2B58D0000FB3AF /* mtrand.h */ = {isa = PBXFileReference; fileEncoding = 4; lastKnownFileType = sourcecode.c.h; path = mtrand.h; sourceTree = "<group>"; };
		E558CB3C1B2B58D0000FB3AF /* mtrand.cpp */ = {isa = PBXFileReference; fileEncoding = 4; lastKnownFileType = sourcecode.cpp.cpp; path = mtrand.cpp; sourceTree = "<group>"; };
/* End PBXFileReference section */

/* Begin PBXGroup section */
		E57275601B2B3A3700248347 = {
			isa = PBXGroup;
			children = (
				E558CB301B2B58D0000FB3AF /* input.txt */,
				E558CB2F1B2B58D0000FB3AF /* main.cpp */,
				E558CB2D1B2B58D0000FB3AF /* makefile */,
				E558CB3A1B2B58D0000FB3AF /* transposon.cpp */,
				E558CB2E1B2B58D0000FB3AF /* transposon.h */,
				E558CB331B2B58D0000FB3AF /* random.h */,
				E558CB341B2B58D0000FB3AF /* random.cpp */,
				E558CB311B2B58D0000FB3AF /* population.cpp */,
				E558CB351B2B58D0000FB3AF /* population.h */,
				E54A311A1B3B011700FA809B /* FamilyCensus.cpp */,
				E54A311B1B3B011700FA809B /* FamilyCensus.h */,
				E558CB371B2B58D0000FB3AF /* locus.cpp */,
				E558CB381B2B58D0000FB3AF /* locus.h */,
				E558CB321B2B58D0000FB3AF /* genome.h */,
				E558CB2C1B2B58D0000FB3AF /* genome.cpp */,
				E558CB361B2B58D0000FB3AF /* chromosome.cpp */,
				E558CB391B2B58D0000FB3AF /* chromosome.h */,
				E558CB3B1B2B58D0000FB3AF /* mtrand.h */,
				E558CB3C1B2B58D0000FB3AF /* mtrand.cpp */,
			);
			sourceTree = "<group>";
		};
/* End PBXGroup section */

/* Begin PBXLegacyTarget section */
		E57275651B2B3A3700248347 /* test */ = {
			isa = PBXLegacyTarget;
			buildArgumentsString = "$(ACTION)";
			buildConfigurationList = E57275681B2B3A3700248347 /* Build configuration list for PBXLegacyTarget "test" */;
			buildPhases = (
			);
			buildToolPath = /usr/bin/make;
			dependencies = (
			);
			name = test;
			passBuildSettingsInEnvironment = 1;
			productName = test;
		};
/* End PBXLegacyTarget section */

/* Begin PBXProject section */
		E57275611B2B3A3700248347 /* Project object */ = {
			isa = PBXProject;
			attributes = {
				LastUpgradeCheck = 0630;
				ORGANIZATIONNAME = "Justin Blumenstiel";
				TargetAttributes = {
					E57275651B2B3A3700248347 = {
						CreatedOnToolsVersion = 6.3.2;
					};
				};
			};
			buildConfigurationList = E57275641B2B3A3700248347 /* Build configuration list for PBXProject "test" */;
			compatibilityVersion = "Xcode 3.2";
			developmentRegion = English;
			hasScannedForEncodings = 0;
			knownRegions = (
				en,
			);
			mainGroup = E57275601B2B3A3700248347;
			projectDirPath = "";
			projectRoot = "";
			targets = (
				E57275651B2B3A3700248347 /* test */,
			);
		};
/* End PBXProject section */

/* Begin XCBuildConfiguration section */
		E57275661B2B3A3700248347 /* Debug */ = {
			isa = XCBuildConfiguration;
			buildSettings = {
				ALWAYS_SEARCH_USER_PATHS = NO;
				CLANG_CXX_LANGUAGE_STANDARD = "gnu++0x";
				CLANG_CXX_LIBRARY = "libc++";
				CLANG_ENABLE_MODULES = YES;
				CLANG_ENABLE_OBJC_ARC = YES;
				CLANG_WARN_BOOL_CONVERSION = YES;
				CLANG_WARN_CONSTANT_CONVERSION = YES;
				CLANG_WARN_DIRECT_OBJC_ISA_USAGE = YES_ERROR;
				CLANG_WARN_EMPTY_BODY = YES;
				CLANG_WARN_ENUM_CONVERSION = YES;
				CLANG_WARN_INT_CONVERSION = YES;
				CLANG_WARN_OBJC_ROOT_CLASS = YES_ERROR;
				CLANG_WARN_UNREACHABLE_CODE = YES;
				CLANG_WARN__DUPLICATE_METHOD_MATCH = YES;
				COPY_PHASE_STRIP = NO;
				DEBUG_INFORMATION_FORMAT = dwarf;
				ENABLE_STRICT_OBJC_MSGSEND = YES;
				GCC_C_LANGUAGE_STANDARD = gnu99;
				GCC_DYNAMIC_NO_PIC = NO;
				GCC_NO_COMMON_BLOCKS = YES;
				GCC_OPTIMIZATION_LEVEL = 0;
				GCC_PREPROCESSOR_DEFINITIONS = (
					"DEBUG=1",
					"$(inherited)",
				);
				GCC_SYMBOLS_PRIVATE_EXTERN = NO;
				GCC_WARN_64_TO_32_BIT_CONVERSION = YES;
				GCC_WARN_ABOUT_RETURN_TYPE = YES_ERROR;
				GCC_WARN_UNDECLARED_SELECTOR = YES;
				GCC_WARN_UNINITIALIZED_AUTOS = YES_AGGRESSIVE;
				GCC_WARN_UNUSED_FUNCTION = YES;
				GCC_WARN_UNUSED_VARIABLE = YES;
				MACOSX_DEPLOYMENT_TARGET = 10.10;
				MTL_ENABLE_DEBUG_INFO = YES;
				ONLY_ACTIVE_ARCH = YES;
				SDKROOT = macosx;
			};
			name = Debug;
		};
		E57275671B2B3A3700248347 /* Release */ = {
			isa = XCBuildConfiguration;
			buildSettings = {
				ALWAYS_SEARCH_USER_PATHS = NO;
				CLANG_CXX_LANGUAGE_STANDARD = "gnu++0x";
				CLANG_CXX_LIBRARY = "libc++";
				CLANG_ENABLE_MODULES = YES;
				CLANG_ENABLE_OBJC_ARC = YES;
				CLANG_WARN_BOOL_CONVERSION = YES;
				CLANG_WARN_CONSTANT_CONVERSION = YES;
				CLANG_WARN_DIRECT_OBJC_ISA_USAGE = YES_ERROR;
				CLANG_WARN_EMPTY_BODY = YES;
				CLANG_WARN_ENUM_CONVERSION = YES;
				CLANG_WARN_INT_CONVERSION = YES;
				CLANG_WARN_OBJC_ROOT_CLASS = YES_ERROR;
				CLANG_WARN_UNREACHABLE_CODE = YES;
				CLANG_WARN__DUPLICATE_METHOD_MATCH = YES;
				COPY_PHASE_STRIP = NO;
				DEBUG_INFORMATION_FORMAT = "dwarf-with-dsym";
				ENABLE_NS_ASSERTIONS = NO;
				ENABLE_STRICT_OBJC_MSGSEND = YES;
				GCC_C_LANGUAGE_STANDARD = gnu99;
				GCC_NO_COMMON_BLOCKS = YES;
				GCC_WARN_64_TO_32_BIT_CONVERSION = YES;
				GCC_WARN_ABOUT_RETURN_TYPE = YES_ERROR;
				GCC_WARN_UNDECLARED_SELECTOR = YES;
				GCC_WARN_UNINITIALIZED_AUTOS = YES_AGGRESSIVE;
				GCC_WARN_UNUSED_FUNCTION = YES;
				GCC_WARN_UNUSED_VARIABLE = YES;
				MACOSX_DEPLOYMENT_TARGET = 10.10;
				MTL_ENABLE_DEBUG_INFO = NO;
				SDKROOT = macosx;
			};
			name = Release;
		};
		E57275691B2B3A3700248347 /* Debug */ = {
			isa = XCBuildConfiguration;
			buildSettings = {
				DEBUGGING_SYMBOLS = YES;
				GCC_GENERATE_DEBUGGING_SYMBOLS = YES;
				GCC_OPTIMIZATION_LEVEL = 0;
				OTHER_CFLAGS = "";
				OTHER_LDFLAGS = "";
				PRODUCT_NAME = "$(TARGET_NAME)";
			};
			name = Debug;
		};
		E572756A1B2B3A3700248347 /* Release */ = {
			isa = XCBuildConfiguration;
			buildSettings = {
				OTHER_CFLAGS = "";
				OTHER_LDFLAGS = "";
				PRODUCT_NAME = "$(TARGET_NAME)";
			};
			name = Release;
		};
/* End XCBuildConfiguration section */

/* Begin XCConfigurationList section */
		E57275641B2B3A3700248347 /* Build configuration list for PBXProject "test" */ = {
			isa = XCConfigurationList;
			buildConfigurations = (
				E57275661B2B3A3700248347 /* Debug */,
				E57275671B2B3A3700248347 /* Release */,
			);
			defaultConfigurationIsVisible = 0;
			defaultConfigurationName = Release;
		};
		E57275681B2B3A3700248347 /* Build configuration list for PBXLegacyTarget "test" */ = {
			isa = XCConfigurationList;
			buildConfigurations = (
				E57275691B2B3A3700248347 /* Debug */,
				E572756A1B2B3A3700248347 /* Release */,
			);
			defaultConfigurationIsVisible = 0;
			defaultConfigurationName = Release;
		};
/* End XCConfigurationList section */
	};
	rootObject = E57275611B2B3A3700248347 /* Project object */;
}
